
Microsoft Visual Studio Solution File, Format Version 12.00
# Visual Studio Version 17
VisualStudioVersion = 17.7.34031.279
MinimumVisualStudioVersion = 10.0.40219.1
Project("{FAE04EC0-301F-11D3-BF4B-00C04F79EFBC}") = "ByfronWoofer", "ByfronWoofer\ByfronWoofer.csproj", "{DF39D3AB-B365-42CC-A930-BC2C409E81D3}"
EndProject
Global
	GlobalSection(SolutionConfigurationPlatforms) = preSolution
		Debug|Any CPU = Debug|Any CPU
		Release|Any CPU = Release|Any CPU
	EndGlobalSection
	GlobalSection(ProjectConfigurationPlatforms) = postSolution
		{DF39D3AB-B365-42CC-A930-BC2C409E81D3}.Debug|Any CPU.ActiveCfg = Debug|Any CPU
		{DF39D3AB-B365-42CC-A930-BC2C409E81D3}.Debug|Any CPU.Build.0 = Debug|Any CPU
		{DF39D3AB-B365-42CC-A930-BC2C409E81D3}.Release|Any CPU.ActiveCfg = Release|Any CPU
		{DF39D3AB-B365-42CC-A930-BC2C409E81D3}.Release|Any CPU.Build.0 = Release|Any CPU
	EndGlobalSection
	GlobalSection(SolutionProperties) = preSolution
		HideSolutionNode = FALSE
	EndGlobalSection
	GlobalSection(ExtensibilityGlobals) = postSolution
		SolutionGuid = {4B3F2275-619E-4D4D-A157-DBC201062BDC}
	EndGlobalSection
EndGlobal
